
Microsoft Visual Studio Solution File, Format Version 12.00
# Visual Studio Version 16
VisualStudioVersion = 16.0.32802.440
MinimumVisualStudioVersion = 10.0.40219.1
Project("{2150E333-8FDC-42A3-9474-1A3956D46DE8}") = "src", "src", "{7FA23CF1-028D-4361-9E11-6204BA94D220}"
EndProject
Project("{2150E333-8FDC-42A3-9474-1A3956D46DE8}") = "test", "test", "{76CFAF77-CFD3-4C96-9A4D-5EBBBB2A734C}"
EndProject
Project("{2150E333-8FDC-42A3-9474-1A3956D46DE8}") = "API", "API", "{8AC2A5C8-A8C0-48BC-9713-3091B47792D7}"
EndProject
Project("{2150E333-8FDC-42A3-9474-1A3956D46DE8}") = "Core", "Core", "{B2B5E094-C0CB-4B29-8B25-244F63B54B99}"
EndProject
Project("{2150E333-8FDC-42A3-9474-1A3956D46DE8}") = "Infrastructure", "Infrastructure", "{867238E1-197B-48C8-B32E-75205E3A2359}"
EndProject
Project("{9A19103F-16F7-4668-BE54-9A1E7A4F7556}") = "QnA Platform.Domain", "QnA Platform.Domain\QnA Platform.Domain.csproj", "{C42D452C-7E06-4D95-9616-4BF4BBB9EE17}"
EndProject
Project("{9A19103F-16F7-4668-BE54-9A1E7A4F7556}") = "QnA Platform.Application", "QnA Platform.Application\QnA Platform.Application.csproj", "{C020D6BD-6D23-4610-8E23-7BD90D2385AA}"
EndProject
Project("{9A19103F-16F7-4668-BE54-9A1E7A4F7556}") = "QnA Platform.Persistence", "QnA Platform.Persistence\QnA Platform.Persistence.csproj", "{DC516D1C-7C98-4DB0-9F3F-96F139779028}"
EndProject
Project("{FAE04EC0-301F-11D3-BF4B-00C04F79EFBC}") = "QnA Platform.API", "QnA Platform.API\QnA Platform.API.csproj", "{1E15890B-ED71-4108-8ED6-87807DFE4CC3}"
EndProject
Global
	GlobalSection(SolutionConfigurationPlatforms) = preSolution
		Debug|Any CPU = Debug|Any CPU
		Release|Any CPU = Release|Any CPU
	EndGlobalSection
	GlobalSection(ProjectConfigurationPlatforms) = postSolution
		{C42D452C-7E06-4D95-9616-4BF4BBB9EE17}.Debug|Any CPU.ActiveCfg = Debug|Any CPU
		{C42D452C-7E06-4D95-9616-4BF4BBB9EE17}.Debug|Any CPU.Build.0 = Debug|Any CPU
		{C42D452C-7E06-4D95-9616-4BF4BBB9EE17}.Release|Any CPU.ActiveCfg = Release|Any CPU
		{C42D452C-7E06-4D95-9616-4BF4BBB9EE17}.Release|Any CPU.Build.0 = Release|Any CPU
		{C020D6BD-6D23-4610-8E23-7BD90D2385AA}.Debug|Any CPU.ActiveCfg = Debug|Any CPU
		{C020D6BD-6D23-4610-8E23-7BD90D2385AA}.Debug|Any CPU.Build.0 = Debug|Any CPU
		{C020D6BD-6D23-4610-8E23-7BD90D2385AA}.Release|Any CPU.ActiveCfg = Release|Any CPU
		{C020D6BD-6D23-4610-8E23-7BD90D2385AA}.Release|Any CPU.Build.0 = Release|Any CPU
		{DC516D1C-7C98-4DB0-9F3F-96F139779028}.Debug|Any CPU.ActiveCfg = Debug|Any CPU
		{DC516D1C-7C98-4DB0-9F3F-96F139779028}.Debug|Any CPU.Build.0 = Debug|Any CPU
		{DC516D1C-7C98-4DB0-9F3F-96F139779028}.Release|Any CPU.ActiveCfg = Release|Any CPU
		{DC516D1C-7C98-4DB0-9F3F-96F139779028}.Release|Any CPU.Build.0 = Release|Any CPU
		{1E15890B-ED71-4108-8ED6-87807DFE4CC3}.Debug|Any CPU.ActiveCfg = Debug|Any CPU
		{1E15890B-ED71-4108-8ED6-87807DFE4CC3}.Debug|Any CPU.Build.0 = Debug|Any CPU
		{1E15890B-ED71-4108-8ED6-87807DFE4CC3}.Release|Any CPU.ActiveCfg = Release|Any CPU
		{1E15890B-ED71-4108-8ED6-87807DFE4CC3}.Release|Any CPU.Build.0 = Release|Any CPU
	EndGlobalSection
	GlobalSection(SolutionProperties) = preSolution
		HideSolutionNode = FALSE
	EndGlobalSection
	GlobalSection(NestedProjects) = preSolution
		{8AC2A5C8-A8C0-48BC-9713-3091B47792D7} = {7FA23CF1-028D-4361-9E11-6204BA94D220}
		{B2B5E094-C0CB-4B29-8B25-244F63B54B99} = {7FA23CF1-028D-4361-9E11-6204BA94D220}
		{867238E1-197B-48C8-B32E-75205E3A2359} = {7FA23CF1-028D-4361-9E11-6204BA94D220}
		{C42D452C-7E06-4D95-9616-4BF4BBB9EE17} = {B2B5E094-C0CB-4B29-8B25-244F63B54B99}
		{C020D6BD-6D23-4610-8E23-7BD90D2385AA} = {B2B5E094-C0CB-4B29-8B25-244F63B54B99}
		{DC516D1C-7C98-4DB0-9F3F-96F139779028} = {867238E1-197B-48C8-B32E-75205E3A2359}
		{1E15890B-ED71-4108-8ED6-87807DFE4CC3} = {8AC2A5C8-A8C0-48BC-9713-3091B47792D7}
	EndGlobalSection
	GlobalSection(ExtensibilityGlobals) = postSolution
		SolutionGuid = {A76418CB-B1C1-41A4-A28B-D0334D952F36}
	EndGlobalSection
EndGlobal
